
Microsoft Visual Studio Solution File, Format Version 12.00
# Visual Studio 14
VisualStudioVersion = 14.0.25420.1
MinimumVisualStudioVersion = 10.0.40219.1
Project("{FAE04EC0-301F-11D3-BF4B-00C04F79EFBC}") = "YouTubeListManager", "YouTubeListManager\YouTubeListManager.csproj", "{3AC3EAB1-1B86-49F1-B455-66C85C61507E}"
EndProject
Project("{FAE04EC0-301F-11D3-BF4B-00C04F79EFBC}") = "Data", "Data\Data.csproj", "{13327070-7592-496C-8BC2-3F31854E3CD8}"
EndProject
Project("{FAE04EC0-301F-11D3-BF4B-00C04F79EFBC}") = "Business", "Business\Business.csproj", "{8AFCDE18-D184-4AD8-826A-AF05CB762B56}"
EndProject
Global
	GlobalSection(SolutionConfigurationPlatforms) = preSolution
		Debug|Any CPU = Debug|Any CPU
		Release|Any CPU = Release|Any CPU
	EndGlobalSection
	GlobalSection(ProjectConfigurationPlatforms) = postSolution
		{3AC3EAB1-1B86-49F1-B455-66C85C61507E}.Debug|Any CPU.ActiveCfg = Debug|Any CPU
		{3AC3EAB1-1B86-49F1-B455-66C85C61507E}.Debug|Any CPU.Build.0 = Debug|Any CPU
		{3AC3EAB1-1B86-49F1-B455-66C85C61507E}.Release|Any CPU.ActiveCfg = Release|Any CPU
		{3AC3EAB1-1B86-49F1-B455-66C85C61507E}.Release|Any CPU.Build.0 = Release|Any CPU
		{13327070-7592-496C-8BC2-3F31854E3CD8}.Debug|Any CPU.ActiveCfg = Debug|Any CPU
		{13327070-7592-496C-8BC2-3F31854E3CD8}.Debug|Any CPU.Build.0 = Debug|Any CPU
		{13327070-7592-496C-8BC2-3F31854E3CD8}.Release|Any CPU.ActiveCfg = Release|Any CPU
		{13327070-7592-496C-8BC2-3F31854E3CD8}.Release|Any CPU.Build.0 = Release|Any CPU
		{8AFCDE18-D184-4AD8-826A-AF05CB762B56}.Debug|Any CPU.ActiveCfg = Debug|Any CPU
		{8AFCDE18-D184-4AD8-826A-AF05CB762B56}.Debug|Any CPU.Build.0 = Debug|Any CPU
		{8AFCDE18-D184-4AD8-826A-AF05CB762B56}.Release|Any CPU.ActiveCfg = Release|Any CPU
		{8AFCDE18-D184-4AD8-826A-AF05CB762B56}.Release|Any CPU.Build.0 = Release|Any CPU
	EndGlobalSection
	GlobalSection(SolutionProperties) = preSolution
		HideSolutionNode = FALSE
	EndGlobalSection
EndGlobal
